
Microsoft Visual Studio Solution File, Format Version 12.00
# Visual Studio 14
VisualStudioVersion = 14.0.25420.1
MinimumVisualStudioVersion = 10.0.40219.1
Project("{FAE04EC0-301F-11D3-BF4B-00C04F79EFBC}") = "XLabs.Test.NuGet.Droid", "source\XLabs.Test.NuGet.Droid\XLabs.Test.NuGet.Droid.csproj", "{51F7ED61-C881-4B5A-9DEC-705CF985229A}"
EndProject
Project("{FAE04EC0-301F-11D3-BF4B-00C04F79EFBC}") = "XLabs.Test.NuGet.iOS", "source\XLabs.Test.NuGet.iOS\XLabs.Test.NuGet.iOS.csproj", "{7B056EF9-D278-4A97-BE8E-62B4C358F1E1}"
EndProject
Project("{FAE04EC0-301F-11D3-BF4B-00C04F79EFBC}") = "XLabs.Test.NuGet.WinPhone", "source\XLabs.Test.NuGet.WinPhone\XLabs.Test.NuGet.WinPhone.csproj", "{09559166-808F-4B2E-A4F4-5AACC9B41C1F}"
EndProject
Project("{FAE04EC0-301F-11D3-BF4B-00C04F79EFBC}") = "XLabs.Test.NuGet.UWP", "source\XLabs.Test.NuGet.UWP\XLabs.Test.NuGet.UWP.csproj", "{7A9CBDC7-6C95-4F24-8406-F447FC8651C0}"
EndProject
Project("{FAE04EC0-301F-11D3-BF4B-00C04F79EFBC}") = "XLabs.Test.NuGet.Windows", "source\XLabs.Test.NuGet.Windows\XLabs.Test.NuGet.Windows.csproj", "{AB32D91A-B4D4-49B8-8B67-42931C65D3C6}"
EndProject
Project("{FAE04EC0-301F-11D3-BF4B-00C04F79EFBC}") = "XLabs.Test.NuGet.iOS.Universal", "source\XLabs.Test.NuGet.iOS.Universal\XLabs.Test.NuGet.iOS.Universal.csproj", "{0B0042CF-1EEB-4300-AE21-FADF7D1ECFE4}"
EndProject
Project("{FAE04EC0-301F-11D3-BF4B-00C04F79EFBC}") = "XLabs.Test.NuGet.WinPhone81SL", "source\XLabs.Test.NuGet.WinPhone81SL\XLabs.Test.NuGet.WinPhone81SL.csproj", "{82A399EF-E87A-4872-94AA-0BE4E54DB0C9}"
EndProject
Project("{FAE04EC0-301F-11D3-BF4B-00C04F79EFBC}") = "XLabs.Test.NuGet.WinPhone80SL", "source\XLabs.Test.NuGet.WinPhone80SL\XLabs.Test.NuGet.WinPhone80SL.csproj", "{059E3C7E-AE1F-4D52-BC56-AF66DF322B4A}"
EndProject
Project("{FAE04EC0-301F-11D3-BF4B-00C04F79EFBC}") = "XLabs.Test.NuGet.Profile078", "source\XLabs.Test.NuGet.Profile78\XLabs.Test.NuGet.Profile078.csproj", "{A3922A2E-935C-4A46-9C1A-0CA2B1504B97}"
EndProject
Project("{2150E333-8FDC-42A3-9474-1A3956D46DE8}") = ".PCL", ".PCL", "{755233B8-B043-4E4B-9F4A-066DE8256AE7}"
EndProject
Project("{2150E333-8FDC-42A3-9474-1A3956D46DE8}") = "Droid", "Droid", "{19922470-4AD7-4C4B-900E-D1DE2187B946}"
EndProject
Project("{2150E333-8FDC-42A3-9474-1A3956D46DE8}") = "iOS", "iOS", "{AB4D27E3-7599-4FB6-99A6-F11C5544A638}"
EndProject
Project("{2150E333-8FDC-42A3-9474-1A3956D46DE8}") = "Win", "Win", "{636669D3-17DC-4BBA-971E-C22B853AD64D}"
EndProject
Project("{2150E333-8FDC-42A3-9474-1A3956D46DE8}") = ".Shared", ".Shared", "{81D62E0E-D09F-4384-88D7-9BFCB8CFAAF1}"
EndProject
Project("{D954291E-2A0B-460D-934E-DC6B0785DB48}") = "XLabs.Test.NuGet.Shared", "source\XLabs.Test.NuGet.Shared\XLabs.Test.NuGet.Shared.shproj", "{ACFD5AA1-2107-4EDA-B45B-94A9061CCDCB}"
EndProject
Project("{2150E333-8FDC-42A3-9474-1A3956D46DE8}") = "Forms-ShouldNotInstall", "Forms-ShouldNotInstall", "{1F654054-215C-4668-92BF-DE9987577231}"
EndProject
Project("{FAE04EC0-301F-11D3-BF4B-00C04F79EFBC}") = "XLabs.Test.NuGet.Profile111", "source\XLabs.Test.NuGet.Profile111\XLabs.Test.NuGet.Profile111.csproj", "{610A732E-3E00-440D-A8E0-93E855EF6A89}"
EndProject
Project("{FAE04EC0-301F-11D3-BF4B-00C04F79EFBC}") = "XLabs.Test.NuGet.Profile259", "source\XLabs.Test.NuGet.Profile259\XLabs.Test.NuGet.Profile259.csproj", "{D629B199-167A-4EE3-AEBB-27F0AE512B8F}"
EndProject
Project("{2150E333-8FDC-42A3-9474-1A3956D46DE8}") = ".nuget", ".nuget", "{986EBC93-FA33-4FAB-9EB7-323E90D6AFDF}"
	ProjectSection(SolutionItems) = preProject
		source\.nuget\NuGet.Config = source\.nuget\NuGet.Config
	EndProjectSection
EndProject
Project("{2150E333-8FDC-42A3-9474-1A3956D46DE8}") = "Apps", "Apps", "{E0B5CD3F-3C26-4F6A-A943-CFA05B1EBFAB}"
EndProject
Global
	GlobalSection(SharedMSBuildProjectFiles) = preSolution
		source\XLabs.Test.NuGet.Shared\XLabs.Test.NuGet.Shared.projitems*{059e3c7e-ae1f-4d52-bc56-af66df322b4a}*SharedItemsImports = 4
		source\XLabs.Test.NuGet.Shared\XLabs.Test.NuGet.Shared.projitems*{09559166-808f-4b2e-a4f4-5aacc9b41c1f}*SharedItemsImports = 4
		source\XLabs.Test.NuGet.Shared\XLabs.Test.NuGet.Shared.projitems*{0b0042cf-1eeb-4300-ae21-fadf7d1ecfe4}*SharedItemsImports = 4
		source\XLabs.Test.NuGet.Shared\XLabs.Test.NuGet.Shared.projitems*{51f7ed61-c881-4b5a-9dec-705cf985229a}*SharedItemsImports = 4
		source\XLabs.Test.NuGet.Shared\XLabs.Test.NuGet.Shared.projitems*{610a732e-3e00-440d-a8e0-93e855ef6a89}*SharedItemsImports = 4
		source\XLabs.Test.NuGet.Shared\XLabs.Test.NuGet.Shared.projitems*{7a9cbdc7-6c95-4f24-8406-f447fc8651c0}*SharedItemsImports = 4
		source\XLabs.Test.NuGet.Shared\XLabs.Test.NuGet.Shared.projitems*{7b056ef9-d278-4a97-be8e-62b4c358f1e1}*SharedItemsImports = 4
		source\XLabs.Test.NuGet.Shared\XLabs.Test.NuGet.Shared.projitems*{82a399ef-e87a-4872-94aa-0be4e54db0c9}*SharedItemsImports = 4
		source\XLabs.Test.NuGet.Shared\XLabs.Test.NuGet.Shared.projitems*{a3922a2e-935c-4a46-9c1a-0ca2b1504b97}*SharedItemsImports = 4
		source\XLabs.Test.NuGet.Shared\XLabs.Test.NuGet.Shared.projitems*{ab32d91a-b4d4-49b8-8b67-42931c65d3c6}*SharedItemsImports = 4
		source\XLabs.Test.NuGet.Shared\XLabs.Test.NuGet.Shared.projitems*{acfd5aa1-2107-4eda-b45b-94a9061ccdcb}*SharedItemsImports = 13
	EndGlobalSection
	GlobalSection(SolutionConfigurationPlatforms) = preSolution
		Ad-Hoc|Any CPU = Ad-Hoc|Any CPU
		Ad-Hoc|ARM = Ad-Hoc|ARM
		Ad-Hoc|iPhone = Ad-Hoc|iPhone
		Ad-Hoc|iPhoneSimulator = Ad-Hoc|iPhoneSimulator
		Ad-Hoc|x64 = Ad-Hoc|x64
		Ad-Hoc|x86 = Ad-Hoc|x86
		AppStore|Any CPU = AppStore|Any CPU
		AppStore|ARM = AppStore|ARM
		AppStore|iPhone = AppStore|iPhone
		AppStore|iPhoneSimulator = AppStore|iPhoneSimulator
		AppStore|x64 = AppStore|x64
		AppStore|x86 = AppStore|x86
		Debug|Any CPU = Debug|Any CPU
		Debug|ARM = Debug|ARM
		Debug|iPhone = Debug|iPhone
		Debug|iPhoneSimulator = Debug|iPhoneSimulator
		Debug|x64 = Debug|x64
		Debug|x86 = Debug|x86
		Release|Any CPU = Release|Any CPU
		Release|ARM = Release|ARM
		Release|iPhone = Release|iPhone
		Release|iPhoneSimulator = Release|iPhoneSimulator
		Release|x64 = Release|x64
		Release|x86 = Release|x86
	EndGlobalSection
	GlobalSection(ProjectConfigurationPlatforms) = postSolution
		{51F7ED61-C881-4B5A-9DEC-705CF985229A}.Ad-Hoc|Any CPU.ActiveCfg = Release|Any CPU
		{51F7ED61-C881-4B5A-9DEC-705CF985229A}.Ad-Hoc|Any CPU.Build.0 = Release|Any CPU
		{51F7ED61-C881-4B5A-9DEC-705CF985229A}.Ad-Hoc|Any CPU.Deploy.0 = Release|Any CPU
		{51F7ED61-C881-4B5A-9DEC-705CF985229A}.Ad-Hoc|ARM.ActiveCfg = Release|Any CPU
		{51F7ED61-C881-4B5A-9DEC-705CF985229A}.Ad-Hoc|ARM.Build.0 = Release|Any CPU
		{51F7ED61-C881-4B5A-9DEC-705CF985229A}.Ad-Hoc|ARM.Deploy.0 = Release|Any CPU
		{51F7ED61-C881-4B5A-9DEC-705CF985229A}.Ad-Hoc|iPhone.ActiveCfg = Release|Any CPU
		{51F7ED61-C881-4B5A-9DEC-705CF985229A}.Ad-Hoc|iPhone.Build.0 = Release|Any CPU
		{51F7ED61-C881-4B5A-9DEC-705CF985229A}.Ad-Hoc|iPhone.Deploy.0 = Release|Any CPU
		{51F7ED61-C881-4B5A-9DEC-705CF985229A}.Ad-Hoc|iPhoneSimulator.ActiveCfg = Release|Any CPU
		{51F7ED61-C881-4B5A-9DEC-705CF985229A}.Ad-Hoc|iPhoneSimulator.Build.0 = Release|Any CPU
		{51F7ED61-C881-4B5A-9DEC-705CF985229A}.Ad-Hoc|iPhoneSimulator.Deploy.0 = Release|Any CPU
		{51F7ED61-C881-4B5A-9DEC-705CF985229A}.Ad-Hoc|x64.ActiveCfg = Release|Any CPU
		{51F7ED61-C881-4B5A-9DEC-705CF985229A}.Ad-Hoc|x64.Build.0 = Release|Any CPU
		{51F7ED61-C881-4B5A-9DEC-705CF985229A}.Ad-Hoc|x64.Deploy.0 = Release|Any CPU
		{51F7ED61-C881-4B5A-9DEC-705CF985229A}.Ad-Hoc|x86.ActiveCfg = Release|Any CPU
		{51F7ED61-C881-4B5A-9DEC-705CF985229A}.Ad-Hoc|x86.Build.0 = Release|Any CPU
		{51F7ED61-C881-4B5A-9DEC-705CF985229A}.Ad-Hoc|x86.Deploy.0 = Release|Any CPU
		{51F7ED61-C881-4B5A-9DEC-705CF985229A}.AppStore|Any CPU.ActiveCfg = Release|Any CPU
		{51F7ED61-C881-4B5A-9DEC-705CF985229A}.AppStore|Any CPU.Build.0 = Release|Any CPU
		{51F7ED61-C881-4B5A-9DEC-705CF985229A}.AppStore|Any CPU.Deploy.0 = Release|Any CPU
		{51F7ED61-C881-4B5A-9DEC-705CF985229A}.AppStore|ARM.ActiveCfg = Release|Any CPU
		{51F7ED61-C881-4B5A-9DEC-705CF985229A}.AppStore|ARM.Build.0 = Release|Any CPU
		{51F7ED61-C881-4B5A-9DEC-705CF985229A}.AppStore|ARM.Deploy.0 = Release|Any CPU
		{51F7ED61-C881-4B5A-9DEC-705CF985229A}.AppStore|iPhone.ActiveCfg = Release|Any CPU
		{51F7ED61-C881-4B5A-9DEC-705CF985229A}.AppStore|iPhone.Build.0 = Release|Any CPU
		{51F7ED61-C881-4B5A-9DEC-705CF985229A}.AppStore|iPhone.Deploy.0 = Release|Any CPU
		{51F7ED61-C881-4B5A-9DEC-705CF985229A}.AppStore|iPhoneSimulator.ActiveCfg = Release|Any CPU
		{51F7ED61-C881-4B5A-9DEC-705CF985229A}.AppStore|iPhoneSimulator.Build.0 = Release|Any CPU
		{51F7ED61-C881-4B5A-9DEC-705CF985229A}.AppStore|iPhoneSimulator.Deploy.0 = Release|Any CPU
		{51F7ED61-C881-4B5A-9DEC-705CF985229A}.AppStore|x64.ActiveCfg = Release|Any CPU
		{51F7ED61-C881-4B5A-9DEC-705CF985229A}.AppStore|x64.Build.0 = Release|Any CPU
		{51F7ED61-C881-4B5A-9DEC-705CF985229A}.AppStore|x64.Deploy.0 = Release|Any CPU
		{51F7ED61-C881-4B5A-9DEC-705CF985229A}.AppStore|x86.ActiveCfg = Release|Any CPU
		{51F7ED61-C881-4B5A-9DEC-705CF985229A}.AppStore|x86.Build.0 = Release|Any CPU
		{51F7ED61-C881-4B5A-9DEC-705CF985229A}.AppStore|x86.Deploy.0 = Release|Any CPU
		{51F7ED61-C881-4B5A-9DEC-705CF985229A}.Debug|Any CPU.ActiveCfg = Debug|Any CPU
		{51F7ED61-C881-4B5A-9DEC-705CF985229A}.Debug|Any CPU.Build.0 = Debug|Any CPU
		{51F7ED61-C881-4B5A-9DEC-705CF985229A}.Debug|Any CPU.Deploy.0 = Debug|Any CPU
		{51F7ED61-C881-4B5A-9DEC-705CF985229A}.Debug|ARM.ActiveCfg = Debug|Any CPU
		{51F7ED61-C881-4B5A-9DEC-705CF985229A}.Debug|ARM.Build.0 = Debug|Any CPU
		{51F7ED61-C881-4B5A-9DEC-705CF985229A}.Debug|ARM.Deploy.0 = Debug|Any CPU
		{51F7ED61-C881-4B5A-9DEC-705CF985229A}.Debug|iPhone.ActiveCfg = Debug|Any CPU
		{51F7ED61-C881-4B5A-9DEC-705CF985229A}.Debug|iPhone.Build.0 = Debug|Any CPU
		{51F7ED61-C881-4B5A-9DEC-705CF985229A}.Debug|iPhone.Deploy.0 = Debug|Any CPU
		{51F7ED61-C881-4B5A-9DEC-705CF985229A}.Debug|iPhoneSimulator.ActiveCfg = Debug|Any CPU
		{51F7ED61-C881-4B5A-9DEC-705CF985229A}.Debug|iPhoneSimulator.Build.0 = Debug|Any CPU
		{51F7ED61-C881-4B5A-9DEC-705CF985229A}.Debug|iPhoneSimulator.Deploy.0 = Debug|Any CPU
		{51F7ED61-C881-4B5A-9DEC-705CF985229A}.Debug|x64.ActiveCfg = Debug|Any CPU
		{51F7ED61-C881-4B5A-9DEC-705CF985229A}.Debug|x64.Build.0 = Debug|Any CPU
		{51F7ED61-C881-4B5A-9DEC-705CF985229A}.Debug|x64.Deploy.0 = Debug|Any CPU
		{51F7ED61-C881-4B5A-9DEC-705CF985229A}.Debug|x86.ActiveCfg = Debug|Any CPU
		{51F7ED61-C881-4B5A-9DEC-705CF985229A}.Debug|x86.Build.0 = Debug|Any CPU
		{51F7ED61-C881-4B5A-9DEC-705CF985229A}.Debug|x86.Deploy.0 = Debug|Any CPU
		{51F7ED61-C881-4B5A-9DEC-705CF985229A}.Release|Any CPU.ActiveCfg = Release|Any CPU
		{51F7ED61-C881-4B5A-9DEC-705CF985229A}.Release|Any CPU.Build.0 = Release|Any CPU
		{51F7ED61-C881-4B5A-9DEC-705CF985229A}.Release|Any CPU.Deploy.0 = Release|Any CPU
		{51F7ED61-C881-4B5A-9DEC-705CF985229A}.Release|ARM.ActiveCfg = Release|Any CPU
		{51F7ED61-C881-4B5A-9DEC-705CF985229A}.Release|ARM.Build.0 = Release|Any CPU
		{51F7ED61-C881-4B5A-9DEC-705CF985229A}.Release|ARM.Deploy.0 = Release|Any CPU
		{51F7ED61-C881-4B5A-9DEC-705CF985229A}.Release|iPhone.ActiveCfg = Release|Any CPU
		{51F7ED61-C881-4B5A-9DEC-705CF985229A}.Release|iPhone.Build.0 = Release|Any CPU
		{51F7ED61-C881-4B5A-9DEC-705CF985229A}.Release|iPhone.Deploy.0 = Release|Any CPU
		{51F7ED61-C881-4B5A-9DEC-705CF985229A}.Release|iPhoneSimulator.ActiveCfg = Release|Any CPU
		{51F7ED61-C881-4B5A-9DEC-705CF985229A}.Release|iPhoneSimulator.Build.0 = Release|Any CPU
		{51F7ED61-C881-4B5A-9DEC-705CF985229A}.Release|iPhoneSimulator.Deploy.0 = Release|Any CPU
		{51F7ED61-C881-4B5A-9DEC-705CF985229A}.Release|x64.ActiveCfg = Release|Any CPU
		{51F7ED61-C881-4B5A-9DEC-705CF985229A}.Release|x64.Build.0 = Release|Any CPU
		{51F7ED61-C881-4B5A-9DEC-705CF985229A}.Release|x64.Deploy.0 = Release|Any CPU
		{51F7ED61-C881-4B5A-9DEC-705CF985229A}.Release|x86.ActiveCfg = Release|Any CPU
		{51F7ED61-C881-4B5A-9DEC-705CF985229A}.Release|x86.Build.0 = Release|Any CPU
		{51F7ED61-C881-4B5A-9DEC-705CF985229A}.Release|x86.Deploy.0 = Release|Any CPU
		{7B056EF9-D278-4A97-BE8E-62B4C358F1E1}.Ad-Hoc|Any CPU.ActiveCfg = Ad-Hoc|iPhone
		{7B056EF9-D278-4A97-BE8E-62B4C358F1E1}.Ad-Hoc|ARM.ActiveCfg = Ad-Hoc|iPhone
		{7B056EF9-D278-4A97-BE8E-62B4C358F1E1}.Ad-Hoc|iPhone.ActiveCfg = Ad-Hoc|iPhone
		{7B056EF9-D278-4A97-BE8E-62B4C358F1E1}.Ad-Hoc|iPhone.Build.0 = Ad-Hoc|iPhone
		{7B056EF9-D278-4A97-BE8E-62B4C358F1E1}.Ad-Hoc|iPhoneSimulator.ActiveCfg = Ad-Hoc|iPhoneSimulator
		{7B056EF9-D278-4A97-BE8E-62B4C358F1E1}.Ad-Hoc|iPhoneSimulator.Build.0 = Ad-Hoc|iPhoneSimulator
		{7B056EF9-D278-4A97-BE8E-62B4C358F1E1}.Ad-Hoc|x64.ActiveCfg = Ad-Hoc|iPhone
		{7B056EF9-D278-4A97-BE8E-62B4C358F1E1}.Ad-Hoc|x86.ActiveCfg = Ad-Hoc|iPhone
		{7B056EF9-D278-4A97-BE8E-62B4C358F1E1}.AppStore|Any CPU.ActiveCfg = AppStore|iPhone
		{7B056EF9-D278-4A97-BE8E-62B4C358F1E1}.AppStore|ARM.ActiveCfg = AppStore|iPhone
		{7B056EF9-D278-4A97-BE8E-62B4C358F1E1}.AppStore|iPhone.ActiveCfg = AppStore|iPhone
		{7B056EF9-D278-4A97-BE8E-62B4C358F1E1}.AppStore|iPhone.Build.0 = AppStore|iPhone
		{7B056EF9-D278-4A97-BE8E-62B4C358F1E1}.AppStore|iPhoneSimulator.ActiveCfg = AppStore|iPhoneSimulator
		{7B056EF9-D278-4A97-BE8E-62B4C358F1E1}.AppStore|iPhoneSimulator.Build.0 = AppStore|iPhoneSimulator
		{7B056EF9-D278-4A97-BE8E-62B4C358F1E1}.AppStore|x64.ActiveCfg = AppStore|iPhone
		{7B056EF9-D278-4A97-BE8E-62B4C358F1E1}.AppStore|x86.ActiveCfg = AppStore|iPhone
		{7B056EF9-D278-4A97-BE8E-62B4C358F1E1}.Debug|Any CPU.ActiveCfg = Debug|iPhoneSimulator
		{7B056EF9-D278-4A97-BE8E-62B4C358F1E1}.Debug|Any CPU.Build.0 = Debug|iPhoneSimulator
		{7B056EF9-D278-4A97-BE8E-62B4C358F1E1}.Debug|ARM.ActiveCfg = Debug|iPhone
		{7B056EF9-D278-4A97-BE8E-62B4C358F1E1}.Debug|iPhone.ActiveCfg = Debug|iPhone
		{7B056EF9-D278-4A97-BE8E-62B4C358F1E1}.Debug|iPhone.Build.0 = Debug|iPhone
		{7B056EF9-D278-4A97-BE8E-62B4C358F1E1}.Debug|iPhoneSimulator.ActiveCfg = Debug|iPhoneSimulator
		{7B056EF9-D278-4A97-BE8E-62B4C358F1E1}.Debug|iPhoneSimulator.Build.0 = Debug|iPhoneSimulator
		{7B056EF9-D278-4A97-BE8E-62B4C358F1E1}.Debug|x64.ActiveCfg = Debug|iPhone
		{7B056EF9-D278-4A97-BE8E-62B4C358F1E1}.Debug|x86.ActiveCfg = Debug|iPhone
		{7B056EF9-D278-4A97-BE8E-62B4C358F1E1}.Release|Any CPU.ActiveCfg = Release|iPhone
		{7B056EF9-D278-4A97-BE8E-62B4C358F1E1}.Release|ARM.ActiveCfg = Release|iPhone
		{7B056EF9-D278-4A97-BE8E-62B4C358F1E1}.Release|iPhone.ActiveCfg = Release|iPhone
		{7B056EF9-D278-4A97-BE8E-62B4C358F1E1}.Release|iPhone.Build.0 = Release|iPhone
		{7B056EF9-D278-4A97-BE8E-62B4C358F1E1}.Release|iPhoneSimulator.ActiveCfg = Release|iPhoneSimulator
		{7B056EF9-D278-4A97-BE8E-62B4C358F1E1}.Release|iPhoneSimulator.Build.0 = Release|iPhoneSimulator
		{7B056EF9-D278-4A97-BE8E-62B4C358F1E1}.Release|x64.ActiveCfg = Release|iPhone
		{7B056EF9-D278-4A97-BE8E-62B4C358F1E1}.Release|x86.ActiveCfg = Release|iPhone
		{09559166-808F-4B2E-A4F4-5AACC9B41C1F}.Ad-Hoc|Any CPU.ActiveCfg = Release|Any CPU
		{09559166-808F-4B2E-A4F4-5AACC9B41C1F}.Ad-Hoc|Any CPU.Build.0 = Release|Any CPU
		{09559166-808F-4B2E-A4F4-5AACC9B41C1F}.Ad-Hoc|Any CPU.Deploy.0 = Release|Any CPU
		{09559166-808F-4B2E-A4F4-5AACC9B41C1F}.Ad-Hoc|ARM.ActiveCfg = Release|ARM
		{09559166-808F-4B2E-A4F4-5AACC9B41C1F}.Ad-Hoc|ARM.Build.0 = Release|ARM
		{09559166-808F-4B2E-A4F4-5AACC9B41C1F}.Ad-Hoc|ARM.Deploy.0 = Release|ARM
		{09559166-808F-4B2E-A4F4-5AACC9B41C1F}.Ad-Hoc|iPhone.ActiveCfg = Release|Any CPU
		{09559166-808F-4B2E-A4F4-5AACC9B41C1F}.Ad-Hoc|iPhone.Build.0 = Release|Any CPU
		{09559166-808F-4B2E-A4F4-5AACC9B41C1F}.Ad-Hoc|iPhone.Deploy.0 = Release|Any CPU
		{09559166-808F-4B2E-A4F4-5AACC9B41C1F}.Ad-Hoc|iPhoneSimulator.ActiveCfg = Release|Any CPU
		{09559166-808F-4B2E-A4F4-5AACC9B41C1F}.Ad-Hoc|iPhoneSimulator.Build.0 = Release|Any CPU
		{09559166-808F-4B2E-A4F4-5AACC9B41C1F}.Ad-Hoc|iPhoneSimulator.Deploy.0 = Release|Any CPU
		{09559166-808F-4B2E-A4F4-5AACC9B41C1F}.Ad-Hoc|x64.ActiveCfg = Release|Any CPU
		{09559166-808F-4B2E-A4F4-5AACC9B41C1F}.Ad-Hoc|x64.Build.0 = Release|Any CPU
		{09559166-808F-4B2E-A4F4-5AACC9B41C1F}.Ad-Hoc|x64.Deploy.0 = Release|Any CPU
		{09559166-808F-4B2E-A4F4-5AACC9B41C1F}.Ad-Hoc|x86.ActiveCfg = Release|x86
		{09559166-808F-4B2E-A4F4-5AACC9B41C1F}.Ad-Hoc|x86.Build.0 = Release|x86
		{09559166-808F-4B2E-A4F4-5AACC9B41C1F}.Ad-Hoc|x86.Deploy.0 = Release|x86
		{09559166-808F-4B2E-A4F4-5AACC9B41C1F}.AppStore|Any CPU.ActiveCfg = Release|Any CPU
		{09559166-808F-4B2E-A4F4-5AACC9B41C1F}.AppStore|Any CPU.Build.0 = Release|Any CPU
		{09559166-808F-4B2E-A4F4-5AACC9B41C1F}.AppStore|Any CPU.Deploy.0 = Release|Any CPU
		{09559166-808F-4B2E-A4F4-5AACC9B41C1F}.AppStore|ARM.ActiveCfg = Release|ARM
		{09559166-808F-4B2E-A4F4-5AACC9B41C1F}.AppStore|ARM.Build.0 = Release|ARM
		{09559166-808F-4B2E-A4F4-5AACC9B41C1F}.AppStore|ARM.Deploy.0 = Release|ARM
		{09559166-808F-4B2E-A4F4-5AACC9B41C1F}.AppStore|iPhone.ActiveCfg = Release|Any CPU
		{09559166-808F-4B2E-A4F4-5AACC9B41C1F}.AppStore|iPhone.Build.0 = Release|Any CPU
		{09559166-808F-4B2E-A4F4-5AACC9B41C1F}.AppStore|iPhone.Deploy.0 = Release|Any CPU
		{09559166-808F-4B2E-A4F4-5AACC9B41C1F}.AppStore|iPhoneSimulator.ActiveCfg = Release|Any CPU
		{09559166-808F-4B2E-A4F4-5AACC9B41C1F}.AppStore|iPhoneSimulator.Build.0 = Release|Any CPU
		{09559166-808F-4B2E-A4F4-5AACC9B41C1F}.AppStore|iPhoneSimulator.Deploy.0 = Release|Any CPU
		{09559166-808F-4B2E-A4F4-5AACC9B41C1F}.AppStore|x64.ActiveCfg = Release|Any CPU
		{09559166-808F-4B2E-A4F4-5AACC9B41C1F}.AppStore|x64.Build.0 = Release|Any CPU
		{09559166-808F-4B2E-A4F4-5AACC9B41C1F}.AppStore|x64.Deploy.0 = Release|Any CPU
		{09559166-808F-4B2E-A4F4-5AACC9B41C1F}.AppStore|x86.ActiveCfg = Release|x86
		{09559166-808F-4B2E-A4F4-5AACC9B41C1F}.AppStore|x86.Build.0 = Release|x86
		{09559166-808F-4B2E-A4F4-5AACC9B41C1F}.AppStore|x86.Deploy.0 = Release|x86
		{09559166-808F-4B2E-A4F4-5AACC9B41C1F}.Debug|Any CPU.ActiveCfg = Debug|Any CPU
		{09559166-808F-4B2E-A4F4-5AACC9B41C1F}.Debug|Any CPU.Build.0 = Debug|Any CPU
		{09559166-808F-4B2E-A4F4-5AACC9B41C1F}.Debug|Any CPU.Deploy.0 = Debug|Any CPU
		{09559166-808F-4B2E-A4F4-5AACC9B41C1F}.Debug|ARM.ActiveCfg = Debug|ARM
		{09559166-808F-4B2E-A4F4-5AACC9B41C1F}.Debug|ARM.Build.0 = Debug|ARM
		{09559166-808F-4B2E-A4F4-5AACC9B41C1F}.Debug|ARM.Deploy.0 = Debug|ARM
		{09559166-808F-4B2E-A4F4-5AACC9B41C1F}.Debug|iPhone.ActiveCfg = Debug|Any CPU
		{09559166-808F-4B2E-A4F4-5AACC9B41C1F}.Debug|iPhone.Build.0 = Debug|Any CPU
		{09559166-808F-4B2E-A4F4-5AACC9B41C1F}.Debug|iPhone.Deploy.0 = Debug|Any CPU
		{09559166-808F-4B2E-A4F4-5AACC9B41C1F}.Debug|iPhoneSimulator.ActiveCfg = Debug|Any CPU
		{09559166-808F-4B2E-A4F4-5AACC9B41C1F}.Debug|iPhoneSimulator.Build.0 = Debug|Any CPU
		{09559166-808F-4B2E-A4F4-5AACC9B41C1F}.Debug|iPhoneSimulator.Deploy.0 = Debug|Any CPU
		{09559166-808F-4B2E-A4F4-5AACC9B41C1F}.Debug|x64.ActiveCfg = Debug|Any CPU
		{09559166-808F-4B2E-A4F4-5AACC9B41C1F}.Debug|x64.Build.0 = Debug|Any CPU
		{09559166-808F-4B2E-A4F4-5AACC9B41C1F}.Debug|x64.Deploy.0 = Debug|Any CPU
		{09559166-808F-4B2E-A4F4-5AACC9B41C1F}.Debug|x86.ActiveCfg = Debug|x86
		{09559166-808F-4B2E-A4F4-5AACC9B41C1F}.Debug|x86.Build.0 = Debug|x86
		{09559166-808F-4B2E-A4F4-5AACC9B41C1F}.Debug|x86.Deploy.0 = Debug|x86
		{09559166-808F-4B2E-A4F4-5AACC9B41C1F}.Release|Any CPU.ActiveCfg = Release|Any CPU
		{09559166-808F-4B2E-A4F4-5AACC9B41C1F}.Release|Any CPU.Build.0 = Release|Any CPU
		{09559166-808F-4B2E-A4F4-5AACC9B41C1F}.Release|Any CPU.Deploy.0 = Release|Any CPU
		{09559166-808F-4B2E-A4F4-5AACC9B41C1F}.Release|ARM.ActiveCfg = Release|ARM
		{09559166-808F-4B2E-A4F4-5AACC9B41C1F}.Release|ARM.Build.0 = Release|ARM
		{09559166-808F-4B2E-A4F4-5AACC9B41C1F}.Release|ARM.Deploy.0 = Release|ARM
		{09559166-808F-4B2E-A4F4-5AACC9B41C1F}.Release|iPhone.ActiveCfg = Release|Any CPU
		{09559166-808F-4B2E-A4F4-5AACC9B41C1F}.Release|iPhone.Build.0 = Release|Any CPU
		{09559166-808F-4B2E-A4F4-5AACC9B41C1F}.Release|iPhone.Deploy.0 = Release|Any CPU
		{09559166-808F-4B2E-A4F4-5AACC9B41C1F}.Release|iPhoneSimulator.ActiveCfg = Release|Any CPU
		{09559166-808F-4B2E-A4F4-5AACC9B41C1F}.Release|iPhoneSimulator.Build.0 = Release|Any CPU
		{09559166-808F-4B2E-A4F4-5AACC9B41C1F}.Release|iPhoneSimulator.Deploy.0 = Release|Any CPU
		{09559166-808F-4B2E-A4F4-5AACC9B41C1F}.Release|x64.ActiveCfg = Release|Any CPU
		{09559166-808F-4B2E-A4F4-5AACC9B41C1F}.Release|x64.Build.0 = Release|Any CPU
		{09559166-808F-4B2E-A4F4-5AACC9B41C1F}.Release|x64.Deploy.0 = Release|Any CPU
		{09559166-808F-4B2E-A4F4-5AACC9B41C1F}.Release|x86.ActiveCfg = Release|x86
		{09559166-808F-4B2E-A4F4-5AACC9B41C1F}.Release|x86.Build.0 = Release|x86
		{09559166-808F-4B2E-A4F4-5AACC9B41C1F}.Release|x86.Deploy.0 = Release|x86
		{7A9CBDC7-6C95-4F24-8406-F447FC8651C0}.Ad-Hoc|Any CPU.ActiveCfg = Release|x86
		{7A9CBDC7-6C95-4F24-8406-F447FC8651C0}.Ad-Hoc|Any CPU.Build.0 = Release|x86
		{7A9CBDC7-6C95-4F24-8406-F447FC8651C0}.Ad-Hoc|Any CPU.Deploy.0 = Release|x86
		{7A9CBDC7-6C95-4F24-8406-F447FC8651C0}.Ad-Hoc|ARM.ActiveCfg = Release|ARM
		{7A9CBDC7-6C95-4F24-8406-F447FC8651C0}.Ad-Hoc|ARM.Build.0 = Release|ARM
		{7A9CBDC7-6C95-4F24-8406-F447FC8651C0}.Ad-Hoc|ARM.Deploy.0 = Release|ARM
		{7A9CBDC7-6C95-4F24-8406-F447FC8651C0}.Ad-Hoc|iPhone.ActiveCfg = Release|x86
		{7A9CBDC7-6C95-4F24-8406-F447FC8651C0}.Ad-Hoc|iPhone.Build.0 = Release|x86
		{7A9CBDC7-6C95-4F24-8406-F447FC8651C0}.Ad-Hoc|iPhone.Deploy.0 = Release|x86
		{7A9CBDC7-6C95-4F24-8406-F447FC8651C0}.Ad-Hoc|iPhoneSimulator.ActiveCfg = Release|x86
		{7A9CBDC7-6C95-4F24-8406-F447FC8651C0}.Ad-Hoc|iPhoneSimulator.Build.0 = Release|x86
		{7A9CBDC7-6C95-4F24-8406-F447FC8651C0}.Ad-Hoc|iPhoneSimulator.Deploy.0 = Release|x86
		{7A9CBDC7-6C95-4F24-8406-F447FC8651C0}.Ad-Hoc|x64.ActiveCfg = Release|x64
		{7A9CBDC7-6C95-4F24-8406-F447FC8651C0}.Ad-Hoc|x64.Build.0 = Release|x64
		{7A9CBDC7-6C95-4F24-8406-F447FC8651C0}.Ad-Hoc|x64.Deploy.0 = Release|x64
		{7A9CBDC7-6C95-4F24-8406-F447FC8651C0}.Ad-Hoc|x86.ActiveCfg = Release|x86
		{7A9CBDC7-6C95-4F24-8406-F447FC8651C0}.Ad-Hoc|x86.Build.0 = Release|x86
		{7A9CBDC7-6C95-4F24-8406-F447FC8651C0}.Ad-Hoc|x86.Deploy.0 = Release|x86
		{7A9CBDC7-6C95-4F24-8406-F447FC8651C0}.AppStore|Any CPU.ActiveCfg = Release|x86
		{7A9CBDC7-6C95-4F24-8406-F447FC8651C0}.AppStore|Any CPU.Build.0 = Release|x86
		{7A9CBDC7-6C95-4F24-8406-F447FC8651C0}.AppStore|Any CPU.Deploy.0 = Release|x86
		{7A9CBDC7-6C95-4F24-8406-F447FC8651C0}.AppStore|ARM.ActiveCfg = Release|ARM
		{7A9CBDC7-6C95-4F24-8406-F447FC8651C0}.AppStore|ARM.Build.0 = Release|ARM
		{7A9CBDC7-6C95-4F24-8406-F447FC8651C0}.AppStore|ARM.Deploy.0 = Release|ARM
		{7A9CBDC7-6C95-4F24-8406-F447FC8651C0}.AppStore|iPhone.ActiveCfg = Release|x86
		{7A9CBDC7-6C95-4F24-8406-F447FC8651C0}.AppStore|iPhone.Build.0 = Release|x86
		{7A9CBDC7-6C95-4F24-8406-F447FC8651C0}.AppStore|iPhone.Deploy.0 = Release|x86
		{7A9CBDC7-6C95-4F24-8406-F447FC8651C0}.AppStore|iPhoneSimulator.ActiveCfg = Release|x86
		{7A9CBDC7-6C95-4F24-8406-F447FC8651C0}.AppStore|iPhoneSimulator.Build.0 = Release|x86
		{7A9CBDC7-6C95-4F24-8406-F447FC8651C0}.AppStore|iPhoneSimulator.Deploy.0 = Release|x86
		{7A9CBDC7-6C95-4F24-8406-F447FC8651C0}.AppStore|x64.ActiveCfg = Release|x64
		{7A9CBDC7-6C95-4F24-8406-F447FC8651C0}.AppStore|x64.Build.0 = Release|x64
		{7A9CBDC7-6C95-4F24-8406-F447FC8651C0}.AppStore|x64.Deploy.0 = Release|x64
		{7A9CBDC7-6C95-4F24-8406-F447FC8651C0}.AppStore|x86.ActiveCfg = Release|x86
		{7A9CBDC7-6C95-4F24-8406-F447FC8651C0}.AppStore|x86.Build.0 = Release|x86
		{7A9CBDC7-6C95-4F24-8406-F447FC8651C0}.AppStore|x86.Deploy.0 = Release|x86
		{7A9CBDC7-6C95-4F24-8406-F447FC8651C0}.Debug|Any CPU.ActiveCfg = Debug|x86
		{7A9CBDC7-6C95-4F24-8406-F447FC8651C0}.Debug|Any CPU.Build.0 = Debug|x86
		{7A9CBDC7-6C95-4F24-8406-F447FC8651C0}.Debug|Any CPU.Deploy.0 = Debug|x86
		{7A9CBDC7-6C95-4F24-8406-F447FC8651C0}.Debug|ARM.ActiveCfg = Debug|ARM
		{7A9CBDC7-6C95-4F24-8406-F447FC8651C0}.Debug|ARM.Build.0 = Debug|ARM
		{7A9CBDC7-6C95-4F24-8406-F447FC8651C0}.Debug|ARM.Deploy.0 = Debug|ARM
		{7A9CBDC7-6C95-4F24-8406-F447FC8651C0}.Debug|iPhone.ActiveCfg = Debug|x86
		{7A9CBDC7-6C95-4F24-8406-F447FC8651C0}.Debug|iPhoneSimulator.ActiveCfg = Debug|x86
		{7A9CBDC7-6C95-4F24-8406-F447FC8651C0}.Debug|x64.ActiveCfg = Debug|x64
		{7A9CBDC7-6C95-4F24-8406-F447FC8651C0}.Debug|x64.Build.0 = Debug|x64
		{7A9CBDC7-6C95-4F24-8406-F447FC8651C0}.Debug|x64.Deploy.0 = Debug|x64
		{7A9CBDC7-6C95-4F24-8406-F447FC8651C0}.Debug|x86.ActiveCfg = Debug|x86
		{7A9CBDC7-6C95-4F24-8406-F447FC8651C0}.Debug|x86.Build.0 = Debug|x86
		{7A9CBDC7-6C95-4F24-8406-F447FC8651C0}.Debug|x86.Deploy.0 = Debug|x86
		{7A9CBDC7-6C95-4F24-8406-F447FC8651C0}.Release|Any CPU.ActiveCfg = Release|x86
		{7A9CBDC7-6C95-4F24-8406-F447FC8651C0}.Release|ARM.ActiveCfg = Release|ARM
		{7A9CBDC7-6C95-4F24-8406-F447FC8651C0}.Release|ARM.Build.0 = Release|ARM
		{7A9CBDC7-6C95-4F24-8406-F447FC8651C0}.Release|ARM.Deploy.0 = Release|ARM
		{7A9CBDC7-6C95-4F24-8406-F447FC8651C0}.Release|iPhone.ActiveCfg = Release|x86
		{7A9CBDC7-6C95-4F24-8406-F447FC8651C0}.Release|iPhoneSimulator.ActiveCfg = Release|x86
		{7A9CBDC7-6C95-4F24-8406-F447FC8651C0}.Release|x64.ActiveCfg = Release|x64
		{7A9CBDC7-6C95-4F24-8406-F447FC8651C0}.Release|x64.Build.0 = Release|x64
		{7A9CBDC7-6C95-4F24-8406-F447FC8651C0}.Release|x64.Deploy.0 = Release|x64
		{7A9CBDC7-6C95-4F24-8406-F447FC8651C0}.Release|x86.ActiveCfg = Release|x86
		{7A9CBDC7-6C95-4F24-8406-F447FC8651C0}.Release|x86.Build.0 = Release|x86
		{7A9CBDC7-6C95-4F24-8406-F447FC8651C0}.Release|x86.Deploy.0 = Release|x86
		{AB32D91A-B4D4-49B8-8B67-42931C65D3C6}.Ad-Hoc|Any CPU.ActiveCfg = Release|Any CPU
		{AB32D91A-B4D4-49B8-8B67-42931C65D3C6}.Ad-Hoc|Any CPU.Build.0 = Release|Any CPU
		{AB32D91A-B4D4-49B8-8B67-42931C65D3C6}.Ad-Hoc|Any CPU.Deploy.0 = Release|Any CPU
		{AB32D91A-B4D4-49B8-8B67-42931C65D3C6}.Ad-Hoc|ARM.ActiveCfg = Release|ARM
		{AB32D91A-B4D4-49B8-8B67-42931C65D3C6}.Ad-Hoc|ARM.Build.0 = Release|ARM
		{AB32D91A-B4D4-49B8-8B67-42931C65D3C6}.Ad-Hoc|ARM.Deploy.0 = Release|ARM
		{AB32D91A-B4D4-49B8-8B67-42931C65D3C6}.Ad-Hoc|iPhone.ActiveCfg = Release|Any CPU
		{AB32D91A-B4D4-49B8-8B67-42931C65D3C6}.Ad-Hoc|iPhone.Build.0 = Release|Any CPU
		{AB32D91A-B4D4-49B8-8B67-42931C65D3C6}.Ad-Hoc|iPhone.Deploy.0 = Release|Any CPU
		{AB32D91A-B4D4-49B8-8B67-42931C65D3C6}.Ad-Hoc|iPhoneSimulator.ActiveCfg = Release|Any CPU
		{AB32D91A-B4D4-49B8-8B67-42931C65D3C6}.Ad-Hoc|iPhoneSimulator.Build.0 = Release|Any CPU
		{AB32D91A-B4D4-49B8-8B67-42931C65D3C6}.Ad-Hoc|iPhoneSimulator.Deploy.0 = Release|Any CPU
		{AB32D91A-B4D4-49B8-8B67-42931C65D3C6}.Ad-Hoc|x64.ActiveCfg = Release|x64
		{AB32D91A-B4D4-49B8-8B67-42931C65D3C6}.Ad-Hoc|x64.Build.0 = Release|x64
		{AB32D91A-B4D4-49B8-8B67-42931C65D3C6}.Ad-Hoc|x64.Deploy.0 = Release|x64
		{AB32D91A-B4D4-49B8-8B67-42931C65D3C6}.Ad-Hoc|x86.ActiveCfg = Release|x86
		{AB32D91A-B4D4-49B8-8B67-42931C65D3C6}.Ad-Hoc|x86.Build.0 = Release|x86
		{AB32D91A-B4D4-49B8-8B67-42931C65D3C6}.Ad-Hoc|x86.Deploy.0 = Release|x86
		{AB32D91A-B4D4-49B8-8B67-42931C65D3C6}.AppStore|Any CPU.ActiveCfg = Release|Any CPU
		{AB32D91A-B4D4-49B8-8B67-42931C65D3C6}.AppStore|Any CPU.Build.0 = Release|Any CPU
		{AB32D91A-B4D4-49B8-8B67-42931C65D3C6}.AppStore|Any CPU.Deploy.0 = Release|Any CPU
		{AB32D91A-B4D4-49B8-8B67-42931C65D3C6}.AppStore|ARM.ActiveCfg = Release|ARM
		{AB32D91A-B4D4-49B8-8B67-42931C65D3C6}.AppStore|ARM.Build.0 = Release|ARM
		{AB32D91A-B4D4-49B8-8B67-42931C65D3C6}.AppStore|ARM.Deploy.0 = Release|ARM
		{AB32D91A-B4D4-49B8-8B67-42931C65D3C6}.AppStore|iPhone.ActiveCfg = Release|Any CPU
		{AB32D91A-B4D4-49B8-8B67-42931C65D3C6}.AppStore|iPhone.Build.0 = Release|Any CPU
		{AB32D91A-B4D4-49B8-8B67-42931C65D3C6}.AppStore|iPhone.Deploy.0 = Release|Any CPU
		{AB32D91A-B4D4-49B8-8B67-42931C65D3C6}.AppStore|iPhoneSimulator.ActiveCfg = Release|Any CPU
		{AB32D91A-B4D4-49B8-8B67-42931C65D3C6}.AppStore|iPhoneSimulator.Build.0 = Release|Any CPU
		{AB32D91A-B4D4-49B8-8B67-42931C65D3C6}.AppStore|iPhoneSimulator.Deploy.0 = Release|Any CPU
		{AB32D91A-B4D4-49B8-8B67-42931C65D3C6}.AppStore|x64.ActiveCfg = Release|x64
		{AB32D91A-B4D4-49B8-8B67-42931C65D3C6}.AppStore|x64.Build.0 = Release|x64
		{AB32D91A-B4D4-49B8-8B67-42931C65D3C6}.AppStore|x64.Deploy.0 = Release|x64
		{AB32D91A-B4D4-49B8-8B67-42931C65D3C6}.AppStore|x86.ActiveCfg = Release|x86
		{AB32D91A-B4D4-49B8-8B67-42931C65D3C6}.AppStore|x86.Build.0 = Release|x86
		{AB32D91A-B4D4-49B8-8B67-42931C65D3C6}.AppStore|x86.Deploy.0 = Release|x86
		{AB32D91A-B4D4-49B8-8B67-42931C65D3C6}.Debug|Any CPU.ActiveCfg = Debug|Any CPU
		{AB32D91A-B4D4-49B8-8B67-42931C65D3C6}.Debug|Any CPU.Build.0 = Debug|Any CPU
		{AB32D91A-B4D4-49B8-8B67-42931C65D3C6}.Debug|Any CPU.Deploy.0 = Debug|Any CPU
		{AB32D91A-B4D4-49B8-8B67-42931C65D3C6}.Debug|ARM.ActiveCfg = Debug|ARM
		{AB32D91A-B4D4-49B8-8B67-42931C65D3C6}.Debug|ARM.Build.0 = Debug|ARM
		{AB32D91A-B4D4-49B8-8B67-42931C65D3C6}.Debug|ARM.Deploy.0 = Debug|ARM
		{AB32D91A-B4D4-49B8-8B67-42931C65D3C6}.Debug|iPhone.ActiveCfg = Debug|Any CPU
		{AB32D91A-B4D4-49B8-8B67-42931C65D3C6}.Debug|iPhone.Build.0 = Debug|Any CPU
		{AB32D91A-B4D4-49B8-8B67-42931C65D3C6}.Debug|iPhone.Deploy.0 = Debug|Any CPU
		{AB32D91A-B4D4-49B8-8B67-42931C65D3C6}.Debug|iPhoneSimulator.ActiveCfg = Debug|Any CPU
		{AB32D91A-B4D4-49B8-8B67-42931C65D3C6}.Debug|iPhoneSimulator.Build.0 = Debug|Any CPU
		{AB32D91A-B4D4-49B8-8B67-42931C65D3C6}.Debug|iPhoneSimulator.Deploy.0 = Debug|Any CPU
		{AB32D91A-B4D4-49B8-8B67-42931C65D3C6}.Debug|x64.ActiveCfg = Debug|x64
		{AB32D91A-B4D4-49B8-8B67-42931C65D3C6}.Debug|x64.Build.0 = Debug|x64
		{AB32D91A-B4D4-49B8-8B67-42931C65D3C6}.Debug|x64.Deploy.0 = Debug|x64
		{AB32D91A-B4D4-49B8-8B67-42931C65D3C6}.Debug|x86.ActiveCfg = Debug|x86
		{AB32D91A-B4D4-49B8-8B67-42931C65D3C6}.Debug|x86.Build.0 = Debug|x86
		{AB32D91A-B4D4-49B8-8B67-42931C65D3C6}.Debug|x86.Deploy.0 = Debug|x86
		{AB32D91A-B4D4-49B8-8B67-42931C65D3C6}.Release|Any CPU.ActiveCfg = Release|Any CPU
		{AB32D91A-B4D4-49B8-8B67-42931C65D3C6}.Release|Any CPU.Build.0 = Release|Any CPU
		{AB32D91A-B4D4-49B8-8B67-42931C65D3C6}.Release|Any CPU.Deploy.0 = Release|Any CPU
		{AB32D91A-B4D4-49B8-8B67-42931C65D3C6}.Release|ARM.ActiveCfg = Release|ARM
		{AB32D91A-B4D4-49B8-8B67-42931C65D3C6}.Release|ARM.Build.0 = Release|ARM
		{AB32D91A-B4D4-49B8-8B67-42931C65D3C6}.Release|ARM.Deploy.0 = Release|ARM
		{AB32D91A-B4D4-49B8-8B67-42931C65D3C6}.Release|iPhone.ActiveCfg = Release|Any CPU
		{AB32D91A-B4D4-49B8-8B67-42931C65D3C6}.Release|iPhone.Build.0 = Release|Any CPU
		{AB32D91A-B4D4-49B8-8B67-42931C65D3C6}.Release|iPhone.Deploy.0 = Release|Any CPU
		{AB32D91A-B4D4-49B8-8B67-42931C65D3C6}.Release|iPhoneSimulator.ActiveCfg = Release|Any CPU
		{AB32D91A-B4D4-49B8-8B67-42931C65D3C6}.Release|iPhoneSimulator.Build.0 = Release|Any CPU
		{AB32D91A-B4D4-49B8-8B67-42931C65D3C6}.Release|iPhoneSimulator.Deploy.0 = Release|Any CPU
		{AB32D91A-B4D4-49B8-8B67-42931C65D3C6}.Release|x64.ActiveCfg = Release|x64
		{AB32D91A-B4D4-49B8-8B67-42931C65D3C6}.Release|x64.Build.0 = Release|x64
		{AB32D91A-B4D4-49B8-8B67-42931C65D3C6}.Release|x64.Deploy.0 = Release|x64
		{AB32D91A-B4D4-49B8-8B67-42931C65D3C6}.Release|x86.ActiveCfg = Release|x86
		{AB32D91A-B4D4-49B8-8B67-42931C65D3C6}.Release|x86.Build.0 = Release|x86
		{AB32D91A-B4D4-49B8-8B67-42931C65D3C6}.Release|x86.Deploy.0 = Release|x86
		{0B0042CF-1EEB-4300-AE21-FADF7D1ECFE4}.Ad-Hoc|Any CPU.ActiveCfg = Ad-Hoc|iPhone
		{0B0042CF-1EEB-4300-AE21-FADF7D1ECFE4}.Ad-Hoc|ARM.ActiveCfg = Ad-Hoc|iPhone
		{0B0042CF-1EEB-4300-AE21-FADF7D1ECFE4}.Ad-Hoc|iPhone.ActiveCfg = Ad-Hoc|iPhone
		{0B0042CF-1EEB-4300-AE21-FADF7D1ECFE4}.Ad-Hoc|iPhone.Build.0 = Ad-Hoc|iPhone
		{0B0042CF-1EEB-4300-AE21-FADF7D1ECFE4}.Ad-Hoc|iPhoneSimulator.ActiveCfg = Ad-Hoc|iPhoneSimulator
		{0B0042CF-1EEB-4300-AE21-FADF7D1ECFE4}.Ad-Hoc|iPhoneSimulator.Build.0 = Ad-Hoc|iPhoneSimulator
		{0B0042CF-1EEB-4300-AE21-FADF7D1ECFE4}.Ad-Hoc|x64.ActiveCfg = Ad-Hoc|iPhone
		{0B0042CF-1EEB-4300-AE21-FADF7D1ECFE4}.Ad-Hoc|x86.ActiveCfg = Ad-Hoc|iPhone
		{0B0042CF-1EEB-4300-AE21-FADF7D1ECFE4}.AppStore|Any CPU.ActiveCfg = AppStore|iPhone
		{0B0042CF-1EEB-4300-AE21-FADF7D1ECFE4}.AppStore|ARM.ActiveCfg = AppStore|iPhone
		{0B0042CF-1EEB-4300-AE21-FADF7D1ECFE4}.AppStore|iPhone.ActiveCfg = AppStore|iPhone
		{0B0042CF-1EEB-4300-AE21-FADF7D1ECFE4}.AppStore|iPhone.Build.0 = AppStore|iPhone
		{0B0042CF-1EEB-4300-AE21-FADF7D1ECFE4}.AppStore|iPhoneSimulator.ActiveCfg = AppStore|iPhoneSimulator
		{0B0042CF-1EEB-4300-AE21-FADF7D1ECFE4}.AppStore|iPhoneSimulator.Build.0 = AppStore|iPhoneSimulator
		{0B0042CF-1EEB-4300-AE21-FADF7D1ECFE4}.AppStore|x64.ActiveCfg = AppStore|iPhone
		{0B0042CF-1EEB-4300-AE21-FADF7D1ECFE4}.AppStore|x86.ActiveCfg = AppStore|iPhone
		{0B0042CF-1EEB-4300-AE21-FADF7D1ECFE4}.Debug|Any CPU.ActiveCfg = Debug|iPhoneSimulator
		{0B0042CF-1EEB-4300-AE21-FADF7D1ECFE4}.Debug|Any CPU.Build.0 = Debug|iPhoneSimulator
		{0B0042CF-1EEB-4300-AE21-FADF7D1ECFE4}.Debug|ARM.ActiveCfg = Debug|iPhone
		{0B0042CF-1EEB-4300-AE21-FADF7D1ECFE4}.Debug|iPhone.ActiveCfg = Debug|iPhone
		{0B0042CF-1EEB-4300-AE21-FADF7D1ECFE4}.Debug|iPhone.Build.0 = Debug|iPhone
		{0B0042CF-1EEB-4300-AE21-FADF7D1ECFE4}.Debug|iPhoneSimulator.ActiveCfg = Debug|iPhoneSimulator
		{0B0042CF-1EEB-4300-AE21-FADF7D1ECFE4}.Debug|iPhoneSimulator.Build.0 = Debug|iPhoneSimulator
		{0B0042CF-1EEB-4300-AE21-FADF7D1ECFE4}.Debug|x64.ActiveCfg = Debug|iPhone
		{0B0042CF-1EEB-4300-AE21-FADF7D1ECFE4}.Debug|x86.ActiveCfg = Debug|iPhone
		{0B0042CF-1EEB-4300-AE21-FADF7D1ECFE4}.Release|Any CPU.ActiveCfg = Release|iPhone
		{0B0042CF-1EEB-4300-AE21-FADF7D1ECFE4}.Release|ARM.ActiveCfg = Release|iPhone
		{0B0042CF-1EEB-4300-AE21-FADF7D1ECFE4}.Release|iPhone.ActiveCfg = Release|iPhone
		{0B0042CF-1EEB-4300-AE21-FADF7D1ECFE4}.Release|iPhone.Build.0 = Release|iPhone
		{0B0042CF-1EEB-4300-AE21-FADF7D1ECFE4}.Release|iPhoneSimulator.ActiveCfg = Release|iPhoneSimulator
		{0B0042CF-1EEB-4300-AE21-FADF7D1ECFE4}.Release|iPhoneSimulator.Build.0 = Release|iPhoneSimulator
		{0B0042CF-1EEB-4300-AE21-FADF7D1ECFE4}.Release|x64.ActiveCfg = Release|iPhone
		{0B0042CF-1EEB-4300-AE21-FADF7D1ECFE4}.Release|x86.ActiveCfg = Release|iPhone
		{82A399EF-E87A-4872-94AA-0BE4E54DB0C9}.Ad-Hoc|Any CPU.ActiveCfg = Release|Any CPU
		{82A399EF-E87A-4872-94AA-0BE4E54DB0C9}.Ad-Hoc|Any CPU.Build.0 = Release|Any CPU
		{82A399EF-E87A-4872-94AA-0BE4E54DB0C9}.Ad-Hoc|Any CPU.Deploy.0 = Release|Any CPU
		{82A399EF-E87A-4872-94AA-0BE4E54DB0C9}.Ad-Hoc|ARM.ActiveCfg = Release|ARM
		{82A399EF-E87A-4872-94AA-0BE4E54DB0C9}.Ad-Hoc|ARM.Build.0 = Release|ARM
		{82A399EF-E87A-4872-94AA-0BE4E54DB0C9}.Ad-Hoc|ARM.Deploy.0 = Release|ARM
		{82A399EF-E87A-4872-94AA-0BE4E54DB0C9}.Ad-Hoc|iPhone.ActiveCfg = Release|Any CPU
		{82A399EF-E87A-4872-94AA-0BE4E54DB0C9}.Ad-Hoc|iPhone.Build.0 = Release|Any CPU
		{82A399EF-E87A-4872-94AA-0BE4E54DB0C9}.Ad-Hoc|iPhone.Deploy.0 = Release|Any CPU
		{82A399EF-E87A-4872-94AA-0BE4E54DB0C9}.Ad-Hoc|iPhoneSimulator.ActiveCfg = Release|Any CPU
		{82A399EF-E87A-4872-94AA-0BE4E54DB0C9}.Ad-Hoc|iPhoneSimulator.Build.0 = Release|Any CPU
		{82A399EF-E87A-4872-94AA-0BE4E54DB0C9}.Ad-Hoc|iPhoneSimulator.Deploy.0 = Release|Any CPU
		{82A399EF-E87A-4872-94AA-0BE4E54DB0C9}.Ad-Hoc|x64.ActiveCfg = Release|Any CPU
		{82A399EF-E87A-4872-94AA-0BE4E54DB0C9}.Ad-Hoc|x64.Build.0 = Release|Any CPU
		{82A399EF-E87A-4872-94AA-0BE4E54DB0C9}.Ad-Hoc|x64.Deploy.0 = Release|Any CPU
		{82A399EF-E87A-4872-94AA-0BE4E54DB0C9}.Ad-Hoc|x86.ActiveCfg = Release|x86
		{82A399EF-E87A-4872-94AA-0BE4E54DB0C9}.Ad-Hoc|x86.Build.0 = Release|x86
		{82A399EF-E87A-4872-94AA-0BE4E54DB0C9}.Ad-Hoc|x86.Deploy.0 = Release|x86
		{82A399EF-E87A-4872-94AA-0BE4E54DB0C9}.AppStore|Any CPU.ActiveCfg = Release|Any CPU
		{82A399EF-E87A-4872-94AA-0BE4E54DB0C9}.AppStore|Any CPU.Build.0 = Release|Any CPU
		{82A399EF-E87A-4872-94AA-0BE4E54DB0C9}.AppStore|Any CPU.Deploy.0 = Release|Any CPU
		{82A399EF-E87A-4872-94AA-0BE4E54DB0C9}.AppStore|ARM.ActiveCfg = Release|ARM
		{82A399EF-E87A-4872-94AA-0BE4E54DB0C9}.AppStore|ARM.Build.0 = Release|ARM
		{82A399EF-E87A-4872-94AA-0BE4E54DB0C9}.AppStore|ARM.Deploy.0 = Release|ARM
		{82A399EF-E87A-4872-94AA-0BE4E54DB0C9}.AppStore|iPhone.ActiveCfg = Release|Any CPU
		{82A399EF-E87A-4872-94AA-0BE4E54DB0C9}.AppStore|iPhone.Build.0 = Release|Any CPU
		{82A399EF-E87A-4872-94AA-0BE4E54DB0C9}.AppStore|iPhone.Deploy.0 = Release|Any CPU
		{82A399EF-E87A-4872-94AA-0BE4E54DB0C9}.AppStore|iPhoneSimulator.ActiveCfg = Release|Any CPU
		{82A399EF-E87A-4872-94AA-0BE4E54DB0C9}.AppStore|iPhoneSimulator.Build.0 = Release|Any CPU
		{82A399EF-E87A-4872-94AA-0BE4E54DB0C9}.AppStore|iPhoneSimulator.Deploy.0 = Release|Any CPU
		{82A399EF-E87A-4872-94AA-0BE4E54DB0C9}.AppStore|x64.ActiveCfg = Release|Any CPU
		{82A399EF-E87A-4872-94AA-0BE4E54DB0C9}.AppStore|x64.Build.0 = Release|Any CPU
		{82A399EF-E87A-4872-94AA-0BE4E54DB0C9}.AppStore|x64.Deploy.0 = Release|Any CPU
		{82A399EF-E87A-4872-94AA-0BE4E54DB0C9}.AppStore|x86.ActiveCfg = Release|x86
		{82A399EF-E87A-4872-94AA-0BE4E54DB0C9}.AppStore|x86.Build.0 = Release|x86
		{82A399EF-E87A-4872-94AA-0BE4E54DB0C9}.AppStore|x86.Deploy.0 = Release|x86
		{82A399EF-E87A-4872-94AA-0BE4E54DB0C9}.Debug|Any CPU.ActiveCfg = Debug|Any CPU
		{82A399EF-E87A-4872-94AA-0BE4E54DB0C9}.Debug|Any CPU.Build.0 = Debug|Any CPU
		{82A399EF-E87A-4872-94AA-0BE4E54DB0C9}.Debug|Any CPU.Deploy.0 = Debug|Any CPU
		{82A399EF-E87A-4872-94AA-0BE4E54DB0C9}.Debug|ARM.ActiveCfg = Debug|ARM
		{82A399EF-E87A-4872-94AA-0BE4E54DB0C9}.Debug|ARM.Build.0 = Debug|ARM
		{82A399EF-E87A-4872-94AA-0BE4E54DB0C9}.Debug|ARM.Deploy.0 = Debug|ARM
		{82A399EF-E87A-4872-94AA-0BE4E54DB0C9}.Debug|iPhone.ActiveCfg = Debug|Any CPU
		{82A399EF-E87A-4872-94AA-0BE4E54DB0C9}.Debug|iPhone.Build.0 = Debug|Any CPU
		{82A399EF-E87A-4872-94AA-0BE4E54DB0C9}.Debug|iPhone.Deploy.0 = Debug|Any CPU
		{82A399EF-E87A-4872-94AA-0BE4E54DB0C9}.Debug|iPhoneSimulator.ActiveCfg = Debug|Any CPU
		{82A399EF-E87A-4872-94AA-0BE4E54DB0C9}.Debug|iPhoneSimulator.Build.0 = Debug|Any CPU
		{82A399EF-E87A-4872-94AA-0BE4E54DB0C9}.Debug|iPhoneSimulator.Deploy.0 = Debug|Any CPU
		{82A399EF-E87A-4872-94AA-0BE4E54DB0C9}.Debug|x64.ActiveCfg = Debug|Any CPU
		{82A399EF-E87A-4872-94AA-0BE4E54DB0C9}.Debug|x64.Build.0 = Debug|Any CPU
		{82A399EF-E87A-4872-94AA-0BE4E54DB0C9}.Debug|x64.Deploy.0 = Debug|Any CPU
		{82A399EF-E87A-4872-94AA-0BE4E54DB0C9}.Debug|x86.ActiveCfg = Debug|x86
		{82A399EF-E87A-4872-94AA-0BE4E54DB0C9}.Debug|x86.Build.0 = Debug|x86
		{82A399EF-E87A-4872-94AA-0BE4E54DB0C9}.Debug|x86.Deploy.0 = Debug|x86
		{82A399EF-E87A-4872-94AA-0BE4E54DB0C9}.Release|Any CPU.ActiveCfg = Release|Any CPU
		{82A399EF-E87A-4872-94AA-0BE4E54DB0C9}.Release|Any CPU.Build.0 = Release|Any CPU
		{82A399EF-E87A-4872-94AA-0BE4E54DB0C9}.Release|Any CPU.Deploy.0 = Release|Any CPU
		{82A399EF-E87A-4872-94AA-0BE4E54DB0C9}.Release|ARM.ActiveCfg = Release|ARM
		{82A399EF-E87A-4872-94AA-0BE4E54DB0C9}.Release|ARM.Build.0 = Release|ARM
		{82A399EF-E87A-4872-94AA-0BE4E54DB0C9}.Release|ARM.Deploy.0 = Release|ARM
		{82A399EF-E87A-4872-94AA-0BE4E54DB0C9}.Release|iPhone.ActiveCfg = Release|Any CPU
		{82A399EF-E87A-4872-94AA-0BE4E54DB0C9}.Release|iPhone.Build.0 = Release|Any CPU
		{82A399EF-E87A-4872-94AA-0BE4E54DB0C9}.Release|iPhone.Deploy.0 = Release|Any CPU
		{82A399EF-E87A-4872-94AA-0BE4E54DB0C9}.Release|iPhoneSimulator.ActiveCfg = Release|Any CPU
		{82A399EF-E87A-4872-94AA-0BE4E54DB0C9}.Release|iPhoneSimulator.Build.0 = Release|Any CPU
		{82A399EF-E87A-4872-94AA-0BE4E54DB0C9}.Release|iPhoneSimulator.Deploy.0 = Release|Any CPU
		{82A399EF-E87A-4872-94AA-0BE4E54DB0C9}.Release|x64.ActiveCfg = Release|Any CPU
		{82A399EF-E87A-4872-94AA-0BE4E54DB0C9}.Release|x64.Build.0 = Release|Any CPU
		{82A399EF-E87A-4872-94AA-0BE4E54DB0C9}.Release|x64.Deploy.0 = Release|Any CPU
		{82A399EF-E87A-4872-94AA-0BE4E54DB0C9}.Release|x86.ActiveCfg = Release|x86
		{82A399EF-E87A-4872-94AA-0BE4E54DB0C9}.Release|x86.Build.0 = Release|x86
		{82A399EF-E87A-4872-94AA-0BE4E54DB0C9}.Release|x86.Deploy.0 = Release|x86
		{059E3C7E-AE1F-4D52-BC56-AF66DF322B4A}.Ad-Hoc|Any CPU.ActiveCfg = Release|Any CPU
		{059E3C7E-AE1F-4D52-BC56-AF66DF322B4A}.Ad-Hoc|Any CPU.Build.0 = Release|Any CPU
		{059E3C7E-AE1F-4D52-BC56-AF66DF322B4A}.Ad-Hoc|Any CPU.Deploy.0 = Release|Any CPU
		{059E3C7E-AE1F-4D52-BC56-AF66DF322B4A}.Ad-Hoc|ARM.ActiveCfg = Release|ARM
		{059E3C7E-AE1F-4D52-BC56-AF66DF322B4A}.Ad-Hoc|ARM.Build.0 = Release|ARM
		{059E3C7E-AE1F-4D52-BC56-AF66DF322B4A}.Ad-Hoc|ARM.Deploy.0 = Release|ARM
		{059E3C7E-AE1F-4D52-BC56-AF66DF322B4A}.Ad-Hoc|iPhone.ActiveCfg = Release|Any CPU
		{059E3C7E-AE1F-4D52-BC56-AF66DF322B4A}.Ad-Hoc|iPhone.Build.0 = Release|Any CPU
		{059E3C7E-AE1F-4D52-BC56-AF66DF322B4A}.Ad-Hoc|iPhone.Deploy.0 = Release|Any CPU
		{059E3C7E-AE1F-4D52-BC56-AF66DF322B4A}.Ad-Hoc|iPhoneSimulator.ActiveCfg = Release|Any CPU
		{059E3C7E-AE1F-4D52-BC56-AF66DF322B4A}.Ad-Hoc|iPhoneSimulator.Build.0 = Release|Any CPU
		{059E3C7E-AE1F-4D52-BC56-AF66DF322B4A}.Ad-Hoc|iPhoneSimulator.Deploy.0 = Release|Any CPU
		{059E3C7E-AE1F-4D52-BC56-AF66DF322B4A}.Ad-Hoc|x64.ActiveCfg = Release|Any CPU
		{059E3C7E-AE1F-4D52-BC56-AF66DF322B4A}.Ad-Hoc|x64.Build.0 = Release|Any CPU
		{059E3C7E-AE1F-4D52-BC56-AF66DF322B4A}.Ad-Hoc|x64.Deploy.0 = Release|Any CPU
		{059E3C7E-AE1F-4D52-BC56-AF66DF322B4A}.Ad-Hoc|x86.ActiveCfg = Release|x86
		{059E3C7E-AE1F-4D52-BC56-AF66DF322B4A}.Ad-Hoc|x86.Build.0 = Release|x86
		{059E3C7E-AE1F-4D52-BC56-AF66DF322B4A}.Ad-Hoc|x86.Deploy.0 = Release|x86
		{059E3C7E-AE1F-4D52-BC56-AF66DF322B4A}.AppStore|Any CPU.ActiveCfg = Release|Any CPU
		{059E3C7E-AE1F-4D52-BC56-AF66DF322B4A}.AppStore|Any CPU.Build.0 = Release|Any CPU
		{059E3C7E-AE1F-4D52-BC56-AF66DF322B4A}.AppStore|Any CPU.Deploy.0 = Release|Any CPU
		{059E3C7E-AE1F-4D52-BC56-AF66DF322B4A}.AppStore|ARM.ActiveCfg = Release|ARM
		{059E3C7E-AE1F-4D52-BC56-AF66DF322B4A}.AppStore|ARM.Build.0 = Release|ARM
		{059E3C7E-AE1F-4D52-BC56-AF66DF322B4A}.AppStore|ARM.Deploy.0 = Release|ARM
		{059E3C7E-AE1F-4D52-BC56-AF66DF322B4A}.AppStore|iPhone.ActiveCfg = Release|Any CPU
		{059E3C7E-AE1F-4D52-BC56-AF66DF322B4A}.AppStore|iPhone.Build.0 = Release|Any CPU
		{059E3C7E-AE1F-4D52-BC56-AF66DF322B4A}.AppStore|iPhone.Deploy.0 = Release|Any CPU
		{059E3C7E-AE1F-4D52-BC56-AF66DF322B4A}.AppStore|iPhoneSimulator.ActiveCfg = Release|Any CPU
		{059E3C7E-AE1F-4D52-BC56-AF66DF322B4A}.AppStore|iPhoneSimulator.Build.0 = Release|Any CPU
		{059E3C7E-AE1F-4D52-BC56-AF66DF322B4A}.AppStore|iPhoneSimulator.Deploy.0 = Release|Any CPU
		{059E3C7E-AE1F-4D52-BC56-AF66DF322B4A}.AppStore|x64.ActiveCfg = Release|Any CPU
		{059E3C7E-AE1F-4D52-BC56-AF66DF322B4A}.AppStore|x64.Build.0 = Release|Any CPU
		{059E3C7E-AE1F-4D52-BC56-AF66DF322B4A}.AppStore|x64.Deploy.0 = Release|Any CPU
		{059E3C7E-AE1F-4D52-BC56-AF66DF322B4A}.AppStore|x86.ActiveCfg = Release|x86
		{059E3C7E-AE1F-4D52-BC56-AF66DF322B4A}.AppStore|x86.Build.0 = Release|x86
		{059E3C7E-AE1F-4D52-BC56-AF66DF322B4A}.AppStore|x86.Deploy.0 = Release|x86
		{059E3C7E-AE1F-4D52-BC56-AF66DF322B4A}.Debug|Any CPU.ActiveCfg = Debug|Any CPU
		{059E3C7E-AE1F-4D52-BC56-AF66DF322B4A}.Debug|Any CPU.Build.0 = Debug|Any CPU
		{059E3C7E-AE1F-4D52-BC56-AF66DF322B4A}.Debug|Any CPU.Deploy.0 = Debug|Any CPU
		{059E3C7E-AE1F-4D52-BC56-AF66DF322B4A}.Debug|ARM.ActiveCfg = Debug|ARM
		{059E3C7E-AE1F-4D52-BC56-AF66DF322B4A}.Debug|ARM.Build.0 = Debug|ARM
		{059E3C7E-AE1F-4D52-BC56-AF66DF322B4A}.Debug|ARM.Deploy.0 = Debug|ARM
		{059E3C7E-AE1F-4D52-BC56-AF66DF322B4A}.Debug|iPhone.ActiveCfg = Debug|Any CPU
		{059E3C7E-AE1F-4D52-BC56-AF66DF322B4A}.Debug|iPhone.Build.0 = Debug|Any CPU
		{059E3C7E-AE1F-4D52-BC56-AF66DF322B4A}.Debug|iPhone.Deploy.0 = Debug|Any CPU
		{059E3C7E-AE1F-4D52-BC56-AF66DF322B4A}.Debug|iPhoneSimulator.ActiveCfg = Debug|Any CPU
		{059E3C7E-AE1F-4D52-BC56-AF66DF322B4A}.Debug|iPhoneSimulator.Build.0 = Debug|Any CPU
		{059E3C7E-AE1F-4D52-BC56-AF66DF322B4A}.Debug|iPhoneSimulator.Deploy.0 = Debug|Any CPU
		{059E3C7E-AE1F-4D52-BC56-AF66DF322B4A}.Debug|x64.ActiveCfg = Debug|Any CPU
		{059E3C7E-AE1F-4D52-BC56-AF66DF322B4A}.Debug|x64.Build.0 = Debug|Any CPU
		{059E3C7E-AE1F-4D52-BC56-AF66DF322B4A}.Debug|x64.Deploy.0 = Debug|Any CPU
		{059E3C7E-AE1F-4D52-BC56-AF66DF322B4A}.Debug|x86.ActiveCfg = Debug|x86
		{059E3C7E-AE1F-4D52-BC56-AF66DF322B4A}.Debug|x86.Build.0 = Debug|x86
		{059E3C7E-AE1F-4D52-BC56-AF66DF322B4A}.Debug|x86.Deploy.0 = Debug|x86
		{059E3C7E-AE1F-4D52-BC56-AF66DF322B4A}.Release|Any CPU.ActiveCfg = Release|Any CPU
		{059E3C7E-AE1F-4D52-BC56-AF66DF322B4A}.Release|Any CPU.Build.0 = Release|Any CPU
		{059E3C7E-AE1F-4D52-BC56-AF66DF322B4A}.Release|Any CPU.Deploy.0 = Release|Any CPU
		{059E3C7E-AE1F-4D52-BC56-AF66DF322B4A}.Release|ARM.ActiveCfg = Release|ARM
		{059E3C7E-AE1F-4D52-BC56-AF66DF322B4A}.Release|ARM.Build.0 = Release|ARM
		{059E3C7E-AE1F-4D52-BC56-AF66DF322B4A}.Release|ARM.Deploy.0 = Release|ARM
		{059E3C7E-AE1F-4D52-BC56-AF66DF322B4A}.Release|iPhone.ActiveCfg = Release|Any CPU
		{059E3C7E-AE1F-4D52-BC56-AF66DF322B4A}.Release|iPhone.Build.0 = Release|Any CPU
		{059E3C7E-AE1F-4D52-BC56-AF66DF322B4A}.Release|iPhone.Deploy.0 = Release|Any CPU
		{059E3C7E-AE1F-4D52-BC56-AF66DF322B4A}.Release|iPhoneSimulator.ActiveCfg = Release|Any CPU
		{059E3C7E-AE1F-4D52-BC56-AF66DF322B4A}.Release|iPhoneSimulator.Build.0 = Release|Any CPU
		{059E3C7E-AE1F-4D52-BC56-AF66DF322B4A}.Release|iPhoneSimulator.Deploy.0 = Release|Any CPU
		{059E3C7E-AE1F-4D52-BC56-AF66DF322B4A}.Release|x64.ActiveCfg = Release|Any CPU
		{059E3C7E-AE1F-4D52-BC56-AF66DF322B4A}.Release|x64.Build.0 = Release|Any CPU
		{059E3C7E-AE1F-4D52-BC56-AF66DF322B4A}.Release|x64.Deploy.0 = Release|Any CPU
		{059E3C7E-AE1F-4D52-BC56-AF66DF322B4A}.Release|x86.ActiveCfg = Release|x86
		{059E3C7E-AE1F-4D52-BC56-AF66DF322B4A}.Release|x86.Build.0 = Release|x86
		{059E3C7E-AE1F-4D52-BC56-AF66DF322B4A}.Release|x86.Deploy.0 = Release|x86
		{A3922A2E-935C-4A46-9C1A-0CA2B1504B97}.Ad-Hoc|Any CPU.ActiveCfg = Release|Any CPU
		{A3922A2E-935C-4A46-9C1A-0CA2B1504B97}.Ad-Hoc|Any CPU.Build.0 = Release|Any CPU
		{A3922A2E-935C-4A46-9C1A-0CA2B1504B97}.Ad-Hoc|ARM.ActiveCfg = Release|Any CPU
		{A3922A2E-935C-4A46-9C1A-0CA2B1504B97}.Ad-Hoc|ARM.Build.0 = Release|Any CPU
		{A3922A2E-935C-4A46-9C1A-0CA2B1504B97}.Ad-Hoc|iPhone.ActiveCfg = Release|Any CPU
		{A3922A2E-935C-4A46-9C1A-0CA2B1504B97}.Ad-Hoc|iPhone.Build.0 = Release|Any CPU
		{A3922A2E-935C-4A46-9C1A-0CA2B1504B97}.Ad-Hoc|iPhoneSimulator.ActiveCfg = Release|Any CPU
		{A3922A2E-935C-4A46-9C1A-0CA2B1504B97}.Ad-Hoc|iPhoneSimulator.Build.0 = Release|Any CPU
		{A3922A2E-935C-4A46-9C1A-0CA2B1504B97}.Ad-Hoc|x64.ActiveCfg = Release|Any CPU
		{A3922A2E-935C-4A46-9C1A-0CA2B1504B97}.Ad-Hoc|x64.Build.0 = Release|Any CPU
		{A3922A2E-935C-4A46-9C1A-0CA2B1504B97}.Ad-Hoc|x86.ActiveCfg = Release|Any CPU
		{A3922A2E-935C-4A46-9C1A-0CA2B1504B97}.Ad-Hoc|x86.Build.0 = Release|Any CPU
		{A3922A2E-935C-4A46-9C1A-0CA2B1504B97}.AppStore|Any CPU.ActiveCfg = Release|Any CPU
		{A3922A2E-935C-4A46-9C1A-0CA2B1504B97}.AppStore|Any CPU.Build.0 = Release|Any CPU
		{A3922A2E-935C-4A46-9C1A-0CA2B1504B97}.AppStore|ARM.ActiveCfg = Release|Any CPU
		{A3922A2E-935C-4A46-9C1A-0CA2B1504B97}.AppStore|ARM.Build.0 = Release|Any CPU
		{A3922A2E-935C-4A46-9C1A-0CA2B1504B97}.AppStore|iPhone.ActiveCfg = Release|Any CPU
		{A3922A2E-935C-4A46-9C1A-0CA2B1504B97}.AppStore|iPhone.Build.0 = Release|Any CPU
		{A3922A2E-935C-4A46-9C1A-0CA2B1504B97}.AppStore|iPhoneSimulator.ActiveCfg = Release|Any CPU
		{A3922A2E-935C-4A46-9C1A-0CA2B1504B97}.AppStore|iPhoneSimulator.Build.0 = Release|Any CPU
		{A3922A2E-935C-4A46-9C1A-0CA2B1504B97}.AppStore|x64.ActiveCfg = Release|Any CPU
		{A3922A2E-935C-4A46-9C1A-0CA2B1504B97}.AppStore|x64.Build.0 = Release|Any CPU
		{A3922A2E-935C-4A46-9C1A-0CA2B1504B97}.AppStore|x86.ActiveCfg = Release|Any CPU
		{A3922A2E-935C-4A46-9C1A-0CA2B1504B97}.AppStore|x86.Build.0 = Release|Any CPU
		{A3922A2E-935C-4A46-9C1A-0CA2B1504B97}.Debug|Any CPU.ActiveCfg = Debug|Any CPU
		{A3922A2E-935C-4A46-9C1A-0CA2B1504B97}.Debug|Any CPU.Build.0 = Debug|Any CPU
		{A3922A2E-935C-4A46-9C1A-0CA2B1504B97}.Debug|ARM.ActiveCfg = Debug|Any CPU
		{A3922A2E-935C-4A46-9C1A-0CA2B1504B97}.Debug|ARM.Build.0 = Debug|Any CPU
		{A3922A2E-935C-4A46-9C1A-0CA2B1504B97}.Debug|iPhone.ActiveCfg = Debug|Any CPU
		{A3922A2E-935C-4A46-9C1A-0CA2B1504B97}.Debug|iPhone.Build.0 = Debug|Any CPU
		{A3922A2E-935C-4A46-9C1A-0CA2B1504B97}.Debug|iPhoneSimulator.ActiveCfg = Debug|Any CPU
		{A3922A2E-935C-4A46-9C1A-0CA2B1504B97}.Debug|iPhoneSimulator.Build.0 = Debug|Any CPU
		{A3922A2E-935C-4A46-9C1A-0CA2B1504B97}.Debug|x64.ActiveCfg = Debug|Any CPU
		{A3922A2E-935C-4A46-9C1A-0CA2B1504B97}.Debug|x64.Build.0 = Debug|Any CPU
		{A3922A2E-935C-4A46-9C1A-0CA2B1504B97}.Debug|x86.ActiveCfg = Debug|Any CPU
		{A3922A2E-935C-4A46-9C1A-0CA2B1504B97}.Debug|x86.Build.0 = Debug|Any CPU
		{A3922A2E-935C-4A46-9C1A-0CA2B1504B97}.Release|Any CPU.ActiveCfg = Release|Any CPU
		{A3922A2E-935C-4A46-9C1A-0CA2B1504B97}.Release|Any CPU.Build.0 = Release|Any CPU
		{A3922A2E-935C-4A46-9C1A-0CA2B1504B97}.Release|ARM.ActiveCfg = Release|Any CPU
		{A3922A2E-935C-4A46-9C1A-0CA2B1504B97}.Release|ARM.Build.0 = Release|Any CPU
		{A3922A2E-935C-4A46-9C1A-0CA2B1504B97}.Release|iPhone.ActiveCfg = Release|Any CPU
		{A3922A2E-935C-4A46-9C1A-0CA2B1504B97}.Release|iPhone.Build.0 = Release|Any CPU
		{A3922A2E-935C-4A46-9C1A-0CA2B1504B97}.Release|iPhoneSimulator.ActiveCfg = Release|Any CPU
		{A3922A2E-935C-4A46-9C1A-0CA2B1504B97}.Release|iPhoneSimulator.Build.0 = Release|Any CPU
		{A3922A2E-935C-4A46-9C1A-0CA2B1504B97}.Release|x64.ActiveCfg = Release|Any CPU
		{A3922A2E-935C-4A46-9C1A-0CA2B1504B97}.Release|x64.Build.0 = Release|Any CPU
		{A3922A2E-935C-4A46-9C1A-0CA2B1504B97}.Release|x86.ActiveCfg = Release|Any CPU
		{A3922A2E-935C-4A46-9C1A-0CA2B1504B97}.Release|x86.Build.0 = Release|Any CPU
		{610A732E-3E00-440D-A8E0-93E855EF6A89}.Ad-Hoc|Any CPU.ActiveCfg = Release|Any CPU
		{610A732E-3E00-440D-A8E0-93E855EF6A89}.Ad-Hoc|Any CPU.Build.0 = Release|Any CPU
		{610A732E-3E00-440D-A8E0-93E855EF6A89}.Ad-Hoc|ARM.ActiveCfg = Release|Any CPU
		{610A732E-3E00-440D-A8E0-93E855EF6A89}.Ad-Hoc|ARM.Build.0 = Release|Any CPU
		{610A732E-3E00-440D-A8E0-93E855EF6A89}.Ad-Hoc|iPhone.ActiveCfg = Release|Any CPU
		{610A732E-3E00-440D-A8E0-93E855EF6A89}.Ad-Hoc|iPhone.Build.0 = Release|Any CPU
		{610A732E-3E00-440D-A8E0-93E855EF6A89}.Ad-Hoc|iPhoneSimulator.ActiveCfg = Release|Any CPU
		{610A732E-3E00-440D-A8E0-93E855EF6A89}.Ad-Hoc|iPhoneSimulator.Build.0 = Release|Any CPU
		{610A732E-3E00-440D-A8E0-93E855EF6A89}.Ad-Hoc|x64.ActiveCfg = Release|Any CPU
		{610A732E-3E00-440D-A8E0-93E855EF6A89}.Ad-Hoc|x64.Build.0 = Release|Any CPU
		{610A732E-3E00-440D-A8E0-93E855EF6A89}.Ad-Hoc|x86.ActiveCfg = Release|Any CPU
		{610A732E-3E00-440D-A8E0-93E855EF6A89}.Ad-Hoc|x86.Build.0 = Release|Any CPU
		{610A732E-3E00-440D-A8E0-93E855EF6A89}.AppStore|Any CPU.ActiveCfg = Release|Any CPU
		{610A732E-3E00-440D-A8E0-93E855EF6A89}.AppStore|Any CPU.Build.0 = Release|Any CPU
		{610A732E-3E00-440D-A8E0-93E855EF6A89}.AppStore|ARM.ActiveCfg = Release|Any CPU
		{610A732E-3E00-440D-A8E0-93E855EF6A89}.AppStore|ARM.Build.0 = Release|Any CPU
		{610A732E-3E00-440D-A8E0-93E855EF6A89}.AppStore|iPhone.ActiveCfg = Release|Any CPU
		{610A732E-3E00-440D-A8E0-93E855EF6A89}.AppStore|iPhone.Build.0 = Release|Any CPU
		{610A732E-3E00-440D-A8E0-93E855EF6A89}.AppStore|iPhoneSimulator.ActiveCfg = Release|Any CPU
		{610A732E-3E00-440D-A8E0-93E855EF6A89}.AppStore|iPhoneSimulator.Build.0 = Release|Any CPU
		{610A732E-3E00-440D-A8E0-93E855EF6A89}.AppStore|x64.ActiveCfg = Release|Any CPU
		{610A732E-3E00-440D-A8E0-93E855EF6A89}.AppStore|x64.Build.0 = Release|Any CPU
		{610A732E-3E00-440D-A8E0-93E855EF6A89}.AppStore|x86.ActiveCfg = Release|Any CPU
		{610A732E-3E00-440D-A8E0-93E855EF6A89}.AppStore|x86.Build.0 = Release|Any CPU
		{610A732E-3E00-440D-A8E0-93E855EF6A89}.Debug|Any CPU.ActiveCfg = Debug|Any CPU
		{610A732E-3E00-440D-A8E0-93E855EF6A89}.Debug|Any CPU.Build.0 = Debug|Any CPU
		{610A732E-3E00-440D-A8E0-93E855EF6A89}.Debug|ARM.ActiveCfg = Debug|Any CPU
		{610A732E-3E00-440D-A8E0-93E855EF6A89}.Debug|ARM.Build.0 = Debug|Any CPU
		{610A732E-3E00-440D-A8E0-93E855EF6A89}.Debug|iPhone.ActiveCfg = Debug|Any CPU
		{610A732E-3E00-440D-A8E0-93E855EF6A89}.Debug|iPhone.Build.0 = Debug|Any CPU
		{610A732E-3E00-440D-A8E0-93E855EF6A89}.Debug|iPhoneSimulator.ActiveCfg = Debug|Any CPU
		{610A732E-3E00-440D-A8E0-93E855EF6A89}.Debug|iPhoneSimulator.Build.0 = Debug|Any CPU
		{610A732E-3E00-440D-A8E0-93E855EF6A89}.Debug|x64.ActiveCfg = Debug|Any CPU
		{610A732E-3E00-440D-A8E0-93E855EF6A89}.Debug|x64.Build.0 = Debug|Any CPU
		{610A732E-3E00-440D-A8E0-93E855EF6A89}.Debug|x86.ActiveCfg = Debug|Any CPU
		{610A732E-3E00-440D-A8E0-93E855EF6A89}.Debug|x86.Build.0 = Debug|Any CPU
		{610A732E-3E00-440D-A8E0-93E855EF6A89}.Release|Any CPU.ActiveCfg = Release|Any CPU
		{610A732E-3E00-440D-A8E0-93E855EF6A89}.Release|Any CPU.Build.0 = Release|Any CPU
		{610A732E-3E00-440D-A8E0-93E855EF6A89}.Release|ARM.ActiveCfg = Release|Any CPU
		{610A732E-3E00-440D-A8E0-93E855EF6A89}.Release|ARM.Build.0 = Release|Any CPU
		{610A732E-3E00-440D-A8E0-93E855EF6A89}.Release|iPhone.ActiveCfg = Release|Any CPU
		{610A732E-3E00-440D-A8E0-93E855EF6A89}.Release|iPhone.Build.0 = Release|Any CPU
		{610A732E-3E00-440D-A8E0-93E855EF6A89}.Release|iPhoneSimulator.ActiveCfg = Release|Any CPU
		{610A732E-3E00-440D-A8E0-93E855EF6A89}.Release|iPhoneSimulator.Build.0 = Release|Any CPU
		{610A732E-3E00-440D-A8E0-93E855EF6A89}.Release|x64.ActiveCfg = Release|Any CPU
		{610A732E-3E00-440D-A8E0-93E855EF6A89}.Release|x64.Build.0 = Release|Any CPU
		{610A732E-3E00-440D-A8E0-93E855EF6A89}.Release|x86.ActiveCfg = Release|Any CPU
		{610A732E-3E00-440D-A8E0-93E855EF6A89}.Release|x86.Build.0 = Release|Any CPU
		{D629B199-167A-4EE3-AEBB-27F0AE512B8F}.Ad-Hoc|Any CPU.ActiveCfg = Release|Any CPU
		{D629B199-167A-4EE3-AEBB-27F0AE512B8F}.Ad-Hoc|Any CPU.Build.0 = Release|Any CPU
		{D629B199-167A-4EE3-AEBB-27F0AE512B8F}.Ad-Hoc|ARM.ActiveCfg = Release|Any CPU
		{D629B199-167A-4EE3-AEBB-27F0AE512B8F}.Ad-Hoc|ARM.Build.0 = Release|Any CPU
		{D629B199-167A-4EE3-AEBB-27F0AE512B8F}.Ad-Hoc|iPhone.ActiveCfg = Release|Any CPU
		{D629B199-167A-4EE3-AEBB-27F0AE512B8F}.Ad-Hoc|iPhone.Build.0 = Release|Any CPU
		{D629B199-167A-4EE3-AEBB-27F0AE512B8F}.Ad-Hoc|iPhoneSimulator.ActiveCfg = Release|Any CPU
		{D629B199-167A-4EE3-AEBB-27F0AE512B8F}.Ad-Hoc|iPhoneSimulator.Build.0 = Release|Any CPU
		{D629B199-167A-4EE3-AEBB-27F0AE512B8F}.Ad-Hoc|x64.ActiveCfg = Release|Any CPU
		{D629B199-167A-4EE3-AEBB-27F0AE512B8F}.Ad-Hoc|x64.Build.0 = Release|Any CPU
		{D629B199-167A-4EE3-AEBB-27F0AE512B8F}.Ad-Hoc|x86.ActiveCfg = Release|Any CPU
		{D629B199-167A-4EE3-AEBB-27F0AE512B8F}.Ad-Hoc|x86.Build.0 = Release|Any CPU
		{D629B199-167A-4EE3-AEBB-27F0AE512B8F}.AppStore|Any CPU.ActiveCfg = Release|Any CPU
		{D629B199-167A-4EE3-AEBB-27F0AE512B8F}.AppStore|Any CPU.Build.0 = Release|Any CPU
		{D629B199-167A-4EE3-AEBB-27F0AE512B8F}.AppStore|ARM.ActiveCfg = Release|Any CPU
		{D629B199-167A-4EE3-AEBB-27F0AE512B8F}.AppStore|ARM.Build.0 = Release|Any CPU
		{D629B199-167A-4EE3-AEBB-27F0AE512B8F}.AppStore|iPhone.ActiveCfg = Release|Any CPU
		{D629B199-167A-4EE3-AEBB-27F0AE512B8F}.AppStore|iPhone.Build.0 = Release|Any CPU
		{D629B199-167A-4EE3-AEBB-27F0AE512B8F}.AppStore|iPhoneSimulator.ActiveCfg = Release|Any CPU
		{D629B199-167A-4EE3-AEBB-27F0AE512B8F}.AppStore|iPhoneSimulator.Build.0 = Release|Any CPU
		{D629B199-167A-4EE3-AEBB-27F0AE512B8F}.AppStore|x64.ActiveCfg = Release|Any CPU
		{D629B199-167A-4EE3-AEBB-27F0AE512B8F}.AppStore|x64.Build.0 = Release|Any CPU
		{D629B199-167A-4EE3-AEBB-27F0AE512B8F}.AppStore|x86.ActiveCfg = Release|Any CPU
		{D629B199-167A-4EE3-AEBB-27F0AE512B8F}.AppStore|x86.Build.0 = Release|Any CPU
		{D629B199-167A-4EE3-AEBB-27F0AE512B8F}.Debug|Any CPU.ActiveCfg = Debug|Any CPU
		{D629B199-167A-4EE3-AEBB-27F0AE512B8F}.Debug|Any CPU.Build.0 = Debug|Any CPU
		{D629B199-167A-4EE3-AEBB-27F0AE512B8F}.Debug|ARM.ActiveCfg = Debug|Any CPU
		{D629B199-167A-4EE3-AEBB-27F0AE512B8F}.Debug|ARM.Build.0 = Debug|Any CPU
		{D629B199-167A-4EE3-AEBB-27F0AE512B8F}.Debug|iPhone.ActiveCfg = Debug|Any CPU
		{D629B199-167A-4EE3-AEBB-27F0AE512B8F}.Debug|iPhone.Build.0 = Debug|Any CPU
		{D629B199-167A-4EE3-AEBB-27F0AE512B8F}.Debug|iPhoneSimulator.ActiveCfg = Debug|Any CPU
		{D629B199-167A-4EE3-AEBB-27F0AE512B8F}.Debug|iPhoneSimulator.Build.0 = Debug|Any CPU
		{D629B199-167A-4EE3-AEBB-27F0AE512B8F}.Debug|x64.ActiveCfg = Debug|Any CPU
		{D629B199-167A-4EE3-AEBB-27F0AE512B8F}.Debug|x64.Build.0 = Debug|Any CPU
		{D629B199-167A-4EE3-AEBB-27F0AE512B8F}.Debug|x86.ActiveCfg = Debug|Any CPU
		{D629B199-167A-4EE3-AEBB-27F0AE512B8F}.Debug|x86.Build.0 = Debug|Any CPU
		{D629B199-167A-4EE3-AEBB-27F0AE512B8F}.Release|Any CPU.ActiveCfg = Release|Any CPU
		{D629B199-167A-4EE3-AEBB-27F0AE512B8F}.Release|Any CPU.Build.0 = Release|Any CPU
		{D629B199-167A-4EE3-AEBB-27F0AE512B8F}.Release|ARM.ActiveCfg = Release|Any CPU
		{D629B199-167A-4EE3-AEBB-27F0AE512B8F}.Release|ARM.Build.0 = Release|Any CPU
		{D629B199-167A-4EE3-AEBB-27F0AE512B8F}.Release|iPhone.ActiveCfg = Release|Any CPU
		{D629B199-167A-4EE3-AEBB-27F0AE512B8F}.Release|iPhone.Build.0 = Release|Any CPU
		{D629B199-167A-4EE3-AEBB-27F0AE512B8F}.Release|iPhoneSimulator.ActiveCfg = Release|Any CPU
		{D629B199-167A-4EE3-AEBB-27F0AE512B8F}.Release|iPhoneSimulator.Build.0 = Release|Any CPU
		{D629B199-167A-4EE3-AEBB-27F0AE512B8F}.Release|x64.ActiveCfg = Release|Any CPU
		{D629B199-167A-4EE3-AEBB-27F0AE512B8F}.Release|x64.Build.0 = Release|Any CPU
		{D629B199-167A-4EE3-AEBB-27F0AE512B8F}.Release|x86.ActiveCfg = Release|Any CPU
		{D629B199-167A-4EE3-AEBB-27F0AE512B8F}.Release|x86.Build.0 = Release|Any CPU
	EndGlobalSection
	GlobalSection(SolutionProperties) = preSolution
		HideSolutionNode = FALSE
	EndGlobalSection
	GlobalSection(NestedProjects) = preSolution
		{51F7ED61-C881-4B5A-9DEC-705CF985229A} = {19922470-4AD7-4C4B-900E-D1DE2187B946}
		{7B056EF9-D278-4A97-BE8E-62B4C358F1E1} = {AB4D27E3-7599-4FB6-99A6-F11C5544A638}
		{09559166-808F-4B2E-A4F4-5AACC9B41C1F} = {636669D3-17DC-4BBA-971E-C22B853AD64D}
		{7A9CBDC7-6C95-4F24-8406-F447FC8651C0} = {636669D3-17DC-4BBA-971E-C22B853AD64D}
		{AB32D91A-B4D4-49B8-8B67-42931C65D3C6} = {636669D3-17DC-4BBA-971E-C22B853AD64D}
		{0B0042CF-1EEB-4300-AE21-FADF7D1ECFE4} = {AB4D27E3-7599-4FB6-99A6-F11C5544A638}
		{82A399EF-E87A-4872-94AA-0BE4E54DB0C9} = {1F654054-215C-4668-92BF-DE9987577231}
		{059E3C7E-AE1F-4D52-BC56-AF66DF322B4A} = {1F654054-215C-4668-92BF-DE9987577231}
		{A3922A2E-935C-4A46-9C1A-0CA2B1504B97} = {755233B8-B043-4E4B-9F4A-066DE8256AE7}
		{19922470-4AD7-4C4B-900E-D1DE2187B946} = {E0B5CD3F-3C26-4F6A-A943-CFA05B1EBFAB}
		{AB4D27E3-7599-4FB6-99A6-F11C5544A638} = {E0B5CD3F-3C26-4F6A-A943-CFA05B1EBFAB}
		{636669D3-17DC-4BBA-971E-C22B853AD64D} = {E0B5CD3F-3C26-4F6A-A943-CFA05B1EBFAB}
		{ACFD5AA1-2107-4EDA-B45B-94A9061CCDCB} = {81D62E0E-D09F-4384-88D7-9BFCB8CFAAF1}
		{1F654054-215C-4668-92BF-DE9987577231} = {636669D3-17DC-4BBA-971E-C22B853AD64D}
		{610A732E-3E00-440D-A8E0-93E855EF6A89} = {755233B8-B043-4E4B-9F4A-066DE8256AE7}
		{D629B199-167A-4EE3-AEBB-27F0AE512B8F} = {755233B8-B043-4E4B-9F4A-066DE8256AE7}
	EndGlobalSection
EndGlobal
